<Project xmlns="http://schemas.microsoft.com/developer/msbuild/2003">
  <PropertyGroup>
    <ProjectGuid>{ca34a31a-91eb-4465-b40b-efe7291e445c}</ProjectGuid>
    <Configuration Condition=" '$(Configuration)' == '' ">Debug</Configuration>
    <Platform Condition=" '$(Platform)' == '' ">AnyCPU</Platform>
    <DCC_DCCCompiler>DCC32</DCC_DCCCompiler>
    <DCC_DependencyCheckOutputName>Test1.exe</DCC_DependencyCheckOutputName>
    <MainSource>Test1.dpr</MainSource>
  </PropertyGroup>
  <PropertyGroup Condition=" '$(Configuration)|$(Platform)' == 'Release|AnyCPU' ">
    <Version>7.0</Version>
    <DCC_DebugInformation>False</DCC_DebugInformation>
    <DCC_LocalDebugSymbols>False</DCC_LocalDebugSymbols>
    <DCC_SymbolReferenceInfo>0</DCC_SymbolReferenceInfo>
    <DCC_Define>RELEASE</DCC_Define>
  </PropertyGroup>
  <PropertyGroup Condition=" '$(Configuration)|$(Platform)' == 'Debug|AnyCPU' ">
    <Version>7.0</Version>
    <DCC_Define>DEBUG</DCC_Define>
    <DCC_UnitSearchPath>..;.\inc</DCC_UnitSearchPath>
    <DCC_ResourcePath>..;.\inc</DCC_ResourcePath>
    <DCC_ObjPath>..;.\inc</DCC_ObjPath>
    <DCC_IncludePath>..;.\inc</DCC_IncludePath>
    <DCC_DcuOutput>dcu</DCC_DcuOutput>
    <DCC_ObjOutput>dcu</DCC_ObjOutput>
    <DCC_HppOutput>dcu</DCC_HppOutput>
  </PropertyGroup>
  <ProjectExtensions>
    <Borland.Personality>Delphi.Personality</Borland.Personality>
    <Borland.ProjectType />
    <BorlandProject>
<BorlandProject><Delphi.Personality><Parameters><Parameters Name="UseLauncher">False</Parameters><Parameters Name="LoadAllSymbols">True</Parameters><Parameters Name="LoadUnspecifiedSymbols">False</Parameters></Parameters><VersionInfo><VersionInfo Name="IncludeVerInfo">False</VersionInfo><VersionInfo Name="AutoIncBuild">False</VersionInfo><VersionInfo Name="MajorVer">1</VersionInfo><VersionInfo Name="MinorVer">0</VersionInfo><VersionInfo Name="Release">0</VersionInfo><VersionInfo Name="Build">0</VersionInfo><VersionInfo Name="Debug">False</VersionInfo><VersionInfo Name="PreRelease">False</VersionInfo><VersionInfo Name="Special">False</VersionInfo><VersionInfo Name="Private">False</VersionInfo><VersionInfo Name="DLL">False</VersionInfo><VersionInfo Name="Locale">1031</VersionInfo><VersionInfo Name="CodePage">1252</VersionInfo></VersionInfo><VersionInfoKeys><VersionInfoKeys Name="CompanyName"></VersionInfoKeys><VersionInfoKeys Name="FileDescription"></VersionInfoKeys><VersionInfoKeys Name="FileVersion">1.0.0.0</VersionInfoKeys><VersionInfoKeys Name="InternalName"></VersionInfoKeys><VersionInfoKeys Name="LegalCopyright"></VersionInfoKeys><VersionInfoKeys Name="LegalTrademarks"></VersionInfoKeys><VersionInfoKeys Name="OriginalFilename"></VersionInfoKeys><VersionInfoKeys Name="ProductName"></VersionInfoKeys><VersionInfoKeys Name="ProductVersion">1.0.0.0</VersionInfoKeys><VersionInfoKeys Name="Comments"></VersionInfoKeys></VersionInfoKeys><Excluded_Packages>
      <Excluded_Packages Name="C:\Users\adrian\Documents\tmssoftware\TMS Component Pack\bpl\tmsexd2007.bpl">Datei C:\Users\adrian\Documents\tmssoftware\TMS Component Pack\bpl\tmsexd2007.bpl nicht gefunden</Excluded_Packages>
      <Excluded_Packages Name="C:\Users\adrian\Documents\tmssoftware\TMS Component Pack\bpl\TMSD2007.bpl">Datei C:\Users\adrian\Documents\tmssoftware\TMS Component Pack\bpl\TMSD2007.bpl nicht gefunden</Excluded_Packages>
      <Excluded_Packages Name="C:\Users\Public\Documents\RAD Studio\5.0\Bpl\tmsExtended.bpl">TMS Extended Components</Excluded_Packages>
      <Excluded_Packages Name="C:\Program Files (x86)\FastReport 6 VCL Enterprise\LibD11\dclfrxBDE11.bpl">FastReport 6.0 BDE Components</Excluded_Packages>
      <Excluded_Packages Name="$(BDS)\bin\dcloffice2k100.bpl">Microsoft Office 2000 Beispiele für gekapselte Komponenten für Automation Server</Excluded_Packages>
      <Excluded_Packages Name="$(BDS)\bin\dclofficexp100.bpl">Microsoft Office XP Beispiele für gekapselte Komponenten für Automation Server</Excluded_Packages>
      <Excluded_Packages Name="C:\Program Files (x86)\FastReport 6 VCL Enterprise\LibD11\dclfrxIntIO11.bpl">FastReport 6.0 Internet transports</Excluded_Packages>
      <Excluded_Packages Name="C:\Program Files (x86)\FastReport 6 VCL Enterprise\LibD11\dclfrxIntIOIndy11.bpl">FastReport 6.0 Internet transports</Excluded_Packages>
      <Excluded_Packages Name="C:\Program Files (x86)\FastReport 6 VCL Enterprise\LibD11\dclfrxIBX11.bpl">FastReport 6.0 IBX Components</Excluded_Packages>
      <Excluded_Packages Name="C:\Program Files (x86)\FastReport 6 VCL Enterprise\LibD11\dclfsIBX11.bpl">FastScript 1.9 IBX Components</Excluded_Packages>
      <Excluded_Packages Name="C:\Users\Public\Documents\RAD Studio\5.0\BPL\dclfcxpTeed11.bpl">FastCube 2 FastReport integration TeeChart</Excluded_Packages>
    </Excluded_Packages><Source><Source Name="MainSource">Test1.dpr</Source></Source></Delphi.Personality></BorlandProject></BorlandProject>
  </ProjectExtensions>
  <Import Project="$(MSBuildBinPath)\Borland.Delphi.Targets" />
  <ItemGroup>
    <DelphiCompile Include="Test1.dpr">
      <MainSource>MainSource</MainSource>
    </DelphiCompile>
    <DCCReference Include="..\" />
    <DCCReference Include="..\..\nimbackend" />
    <DCCReference Include="..\n" />
    <DCCReference Include="..\ni" />
    <DCCReference Include="..\nim" />
    <DCCReference Include="..\nimb" />
    <DCCReference Include="..\nimba" />
    <DCCReference Include="..\nimbac" />
    <DCCReference Include="..\nimback" />
    <DCCReference Include="..\nimbacke" />
    <DCCReference Include="..\nimbacken" />
    <DCCReference Include="..\nimbackend" />
    <DCCReference Include="..\nimbackend.p" />
    <DCCReference Include="..\nimbackend.pa" />
    <DCCReference Include="..\nimbackend.pas" />
    <DCCReference Include="..\test" />
    <DCCReference Include="D" />
    <DCCReference Include="DE" />
    <DCCReference Include="DEx" />
    <DCCReference Include="DExp" />
    <DCCReference Include="DExpo" />
    <DCCReference Include="DExpor" />
    <DCCReference Include="DExport" />
    <DCCReference Include="DExport.p" />
    <DCCReference Include="DExport.pa" />
    <DCCReference Include="DExport.pas" />
  </ItemGroup>
</Project>